
Microsoft Visual Studio Solution File, Format Version 12.00
# Visual Studio Version 17
VisualStudioVersion = 17.8.34525.116
MinimumVisualStudioVersion = 10.0.40219.1
Project("{FAE04EC0-301F-11D3-BF4B-00C04F79EFBC}") = "My_Film_List", "My_Film_List\My_Film_List.csproj", "{1F839D27-F140-4586-9C87-98EF22773C74}"
EndProject
Global
	GlobalSection(SolutionConfigurationPlatforms) = preSolution
		Debug|Any CPU = Debug|Any CPU
		Release|Any CPU = Release|Any CPU
	EndGlobalSection
	GlobalSection(ProjectConfigurationPlatforms) = postSolution
		{1F839D27-F140-4586-9C87-98EF22773C74}.Debug|Any CPU.ActiveCfg = Debug|Any CPU
		{1F839D27-F140-4586-9C87-98EF22773C74}.Debug|Any CPU.Build.0 = Debug|Any CPU
		{1F839D27-F140-4586-9C87-98EF22773C74}.Release|Any CPU.ActiveCfg = Release|Any CPU
		{1F839D27-F140-4586-9C87-98EF22773C74}.Release|Any CPU.Build.0 = Release|Any CPU
	EndGlobalSection
	GlobalSection(SolutionProperties) = preSolution
		HideSolutionNode = FALSE
	EndGlobalSection
	GlobalSection(ExtensibilityGlobals) = postSolution
		SolutionGuid = {E766BA27-DF93-4ACE-8C53-2A7E2D71E75A}
	EndGlobalSection
EndGlobal
